
Microsoft Visual Studio Solution File, Format Version 12.00
# Visual Studio Version 16
VisualStudioVersion = 16.0.29911.84
MinimumVisualStudioVersion = 10.0.40219.1
Project("{FAE04EC0-301F-11D3-BF4B-00C04F79EFBC}") = "Test", "Test\Test.csproj", "{D330A553-4B03-4D41-ADD0-C7F5EA3BF9CE}"
EndProject
Global
	GlobalSection(SolutionConfigurationPlatforms) = preSolution
		Debug|Any CPU = Debug|Any CPU
		Release|Any CPU = Release|Any CPU
	EndGlobalSection
	GlobalSection(ProjectConfigurationPlatforms) = postSolution
		{D330A553-4B03-4D41-ADD0-C7F5EA3BF9CE}.Debug|Any CPU.ActiveCfg = Debug|Any CPU
		{D330A553-4B03-4D41-ADD0-C7F5EA3BF9CE}.Debug|Any CPU.Build.0 = Debug|Any CPU
		{D330A553-4B03-4D41-ADD0-C7F5EA3BF9CE}.Release|Any CPU.ActiveCfg = Release|Any CPU
		{D330A553-4B03-4D41-ADD0-C7F5EA3BF9CE}.Release|Any CPU.Build.0 = Release|Any CPU
	EndGlobalSection
	GlobalSection(SolutionProperties) = preSolution
		HideSolutionNode = FALSE
	EndGlobalSection
	GlobalSection(ExtensibilityGlobals) = postSolution
		SolutionGuid = {A2DA44AF-115C-4DF2-BF34-AB9DEF8ACED6}
	EndGlobalSection
EndGlobal
